
Microsoft Visual Studio Solution File, Format Version 12.00
# Visual Studio Version 17
VisualStudioVersion = 17.5.002.0
MinimumVisualStudioVersion = 10.0.40219.1
Project("{9A19103F-16F7-4668-BE54-9A1E7A4F7556}") = "socialmedia-microservices", "socialmedia-microservices.csproj", "{81E64AF8-BA17-4905-BBBE-50509BC7F3CB}"
EndProject
Project("{9A19103F-16F7-4668-BE54-9A1E7A4F7556}") = "aspnetcoreapp", "aspnetcoreapp\aspnetcoreapp.csproj", "{68F84C60-534A-45C7-B593-A19FC6CA13D8}"
EndProject
Global
	GlobalSection(SolutionConfigurationPlatforms) = preSolution
		Debug|Any CPU = Debug|Any CPU
		Release|Any CPU = Release|Any CPU
	EndGlobalSection
	GlobalSection(ProjectConfigurationPlatforms) = postSolution
		{81E64AF8-BA17-4905-BBBE-50509BC7F3CB}.Debug|Any CPU.ActiveCfg = Debug|Any CPU
		{81E64AF8-BA17-4905-BBBE-50509BC7F3CB}.Debug|Any CPU.Build.0 = Debug|Any CPU
		{81E64AF8-BA17-4905-BBBE-50509BC7F3CB}.Release|Any CPU.ActiveCfg = Release|Any CPU
		{81E64AF8-BA17-4905-BBBE-50509BC7F3CB}.Release|Any CPU.Build.0 = Release|Any CPU
		{68F84C60-534A-45C7-B593-A19FC6CA13D8}.Debug|Any CPU.ActiveCfg = Debug|Any CPU
		{68F84C60-534A-45C7-B593-A19FC6CA13D8}.Debug|Any CPU.Build.0 = Debug|Any CPU
		{68F84C60-534A-45C7-B593-A19FC6CA13D8}.Release|Any CPU.ActiveCfg = Release|Any CPU
		{68F84C60-534A-45C7-B593-A19FC6CA13D8}.Release|Any CPU.Build.0 = Release|Any CPU
	EndGlobalSection
	GlobalSection(SolutionProperties) = preSolution
		HideSolutionNode = FALSE
	EndGlobalSection
	GlobalSection(ExtensibilityGlobals) = postSolution
		SolutionGuid = {3EF6A841-86BB-417F-AC5C-4DCF7AB5ED5C}
	EndGlobalSection
EndGlobal
